<?xml version="1.0" encoding="utf-8"?>
<Project ToolsVersion="4.0" xmlns="http://schemas.microsoft.com/developer/msbuild/2003">
  <ItemGroup>
    <Filter Include="源文件">
      <UniqueIdentifier>{4FC737F1-C7A5-4376-A066-2A32D752A2FF}</UniqueIdentifier>
      <Extensions>cpp;c;cc;cxx;c++;cppm;ixx;def;odl;idl;hpj;bat;asm;asmx</Extensions>
    </Filter>
    <Filter Include="头文件">
      <UniqueIdentifier>{93995380-89BD-4b04-88EB-625FBE52EBFB}</UniqueIdentifier>
      <Extensions>h;hh;hpp;hxx;h++;hm;inl;inc;ipp;xsd</Extensions>
    </Filter>
    <Filter Include="资源文件">
      <UniqueIdentifier>{67DA6AB6-F800-4c08-8B7A-83BB121AAD01}</UniqueIdentifier>
      <Extensions>rc;ico;cur;bmp;dlg;rc2;rct;bin;rgs;gif;jpg;jpeg;jpe;resx;tiff;tif;png;wav;mfcribbon-ms</Extensions>
    </Filter>
  </ItemGroup>
  <ItemGroup>
    <ClCompile Include="main.cpp">
      <Filter>源文件</Filter>
    </ClCompile>
    <ClCompile Include="count_prime.cpp">
      <Filter>源文件</Filter>
    </ClCompile>
    <ClCompile Include="get_power_2_reorder.cpp">
      <Filter>源文件</Filter>
    </ClCompile>
    <ClCompile Include="max_timeint_number_array.cpp">
      <Filter>源文件</Filter>
    </ClCompile>
    <ClCompile Include="mountain_array.cpp">
      <Filter>源文件</Filter>
    </ClCompile>
    <ClCompile Include="sum_of_continuous_integers.cpp">
      <Filter>源文件</Filter>
    </ClCompile>
    <ClCompile Include="super_number_palindromes.cpp">
      <Filter>源文件</Filter>
    </ClCompile>
    <ClCompile Include="longest_palindromic_substring.cpp">
      <Filter>源文件</Filter>
    </ClCompile>
    <ClCompile Include="bracket_generating.cpp">
      <Filter>源文件</Filter>
    </ClCompile>
    <ClCompile Include="longest_valid_bracket.cpp">
      <Filter>源文件</Filter>
    </ClCompile>
    <ClCompile Include="connected_to_rainwater.cpp">
      <Filter>源文件</Filter>
    </ClCompile>
    <ClCompile Include="wildcard_matching.cpp">
      <Filter>源文件</Filter>
    </ClCompile>
    <ClCompile Include="jump_game_II.cpp">
      <Filter>源文件</Filter>
    </ClCompile>
    <ClCompile Include="maximum_subarray_and.cpp">
      <Filter>源文件</Filter>
    </ClCompile>
    <ClCompile Include="jump_game.cpp">
      <Filter>源文件</Filter>
    </ClCompile>
    <ClCompile Include="different_paths.cpp">
      <Filter>源文件</Filter>
    </ClCompile>
    <ClCompile Include="different_paths_II.cpp">
      <Filter>源文件</Filter>
    </ClCompile>
    <ClCompile Include="minimum_path_and.cpp">
      <Filter>源文件</Filter>
    </ClCompile>
    <ClCompile Include="climb_stairs.cpp">
      <Filter>源文件</Filter>
    </ClCompile>
    <ClCompile Include="edit_distance.cpp">
      <Filter>源文件</Filter>
    </ClCompile>
    <ClCompile Include="maximum_rectangle.cpp">
      <Filter>源文件</Filter>
    </ClCompile>
    <ClCompile Include="container_most_water.cpp">
      <Filter>源文件</Filter>
    </ClCompile>
    <ClCompile Include="best_time_buy_sell_stocks_II.cpp">
      <Filter>源文件</Filter>
    </ClCompile>
    <ClCompile Include="gas_station.cpp">
      <Filter>源文件</Filter>
    </ClCompile>
    <ClCompile Include="distribute_candy.cpp">
      <Filter>源文件</Filter>
    </ClCompile>
    <ClCompile Include="maximum.cpp">
      <Filter>源文件</Filter>
    </ClCompile>
    <ClCompile Include="remove_duplicate_letters.cpp">
      <Filter>源文件</Filter>
    </ClCompile>
    <ClCompile Include="disturb_string.cpp">
      <Filter>源文件</Filter>
    </ClCompile>
    <ClCompile Include="decoding_method.cpp">
      <Filter>源文件</Filter>
    </ClCompile>
    <ClCompile Include="interlaced_string.cpp">
      <Filter>源文件</Filter>
    </ClCompile>
    <ClCompile Include="integer_to_roman_numeral.cpp">
      <Filter>源文件</Filter>
    </ClCompile>
    <ClCompile Include="roman_numeral_to_integer.cpp">
      <Filter>源文件</Filter>
    </ClCompile>
    <ClCompile Include="alphabetical_combination_of_phone_numbers.cpp">
      <Filter>源文件</Filter>
    </ClCompile>
    <ClCompile Include="concatenate_substrings_of_all_words.cpp">
      <Filter>源文件</Filter>
    </ClCompile>
    <ClCompile Include="effective_sudoku.cpp">
      <Filter>源文件</Filter>
    </ClCompile>
    <ClCompile Include="solving_sudoku.cpp">
      <Filter>源文件</Filter>
    </ClCompile>
    <ClCompile Include="missing_first_positive_number.cpp">
      <Filter>源文件</Filter>
    </ClCompile>
    <ClCompile Include="alphabetic_heterotopic_word_grouping.cpp">
      <Filter>源文件</Filter>
    </ClCompile>
    <ClCompile Include="matrix_zeroing.cpp">
      <Filter>源文件</Filter>
    </ClCompile>
    <ClCompile Include="minimum_cover_substring.cpp">
      <Filter>源文件</Filter>
    </ClCompile>
    <ClCompile Include="constructing_binary_tree_from_pre_order_and_middle_order_traversal_sequences.cpp">
      <Filter>源文件</Filter>
    </ClCompile>
    <ClCompile Include="constructing_binary_tree_from_middle_and_post_order_traversal_sequences.cpp">
      <Filter>源文件</Filter>
    </ClCompile>
    <ClCompile Include="word_relay_II.cpp">
      <Filter>源文件</Filter>
    </ClCompile>
    <ClCompile Include="word_chain.cpp">
      <Filter>源文件</Filter>
    </ClCompile>
    <ClCompile Include="longest_continuous_sequence.cpp">
      <Filter>源文件</Filter>
    </ClCompile>
    <ClCompile Include="clone_graph.cpp">
      <Filter>源文件</Filter>
    </ClCompile>
    <ClCompile Include="different_subsequences.cpp">
      <Filter>源文件</Filter>
    </ClCompile>
    <ClCompile Include="the_best_time_to_buy_and_sell_stocksIII.cpp">
      <Filter>源文件</Filter>
    </ClCompile>
    <ClCompile Include="yang_hui_triangle.cpp">
      <Filter>源文件</Filter>
    </ClCompile>
  </ItemGroup>
  <ItemGroup>
    <ClInclude Include="count_prime.h">
      <Filter>头文件</Filter>
    </ClInclude>
    <ClInclude Include="get_power_2_reorder.h">
      <Filter>头文件</Filter>
    </ClInclude>
    <ClInclude Include="main.h">
      <Filter>头文件</Filter>
    </ClInclude>
    <ClInclude Include="max_timeint_number_array.h">
      <Filter>头文件</Filter>
    </ClInclude>
    <ClInclude Include="mountain_array.h">
      <Filter>头文件</Filter>
    </ClInclude>
    <ClInclude Include="sum_of_continuous_integers.h">
      <Filter>头文件</Filter>
    </ClInclude>
    <ClInclude Include="super_number_palindromes.h">
      <Filter>头文件</Filter>
    </ClInclude>
    <ClInclude Include="longest_palindromic_substring.h">
      <Filter>头文件</Filter>
    </ClInclude>
    <ClInclude Include="bracket_generating.h">
      <Filter>头文件</Filter>
    </ClInclude>
    <ClInclude Include="longest_valid_bracket.h">
      <Filter>头文件</Filter>
    </ClInclude>
    <ClInclude Include="connected_to_rainwater.h">
      <Filter>头文件</Filter>
    </ClInclude>
    <ClInclude Include="wildcard_matching.h">
      <Filter>头文件</Filter>
    </ClInclude>
    <ClInclude Include="jump_game_II.h">
      <Filter>头文件</Filter>
    </ClInclude>
    <ClInclude Include="maximum_subarray_and.h">
      <Filter>头文件</Filter>
    </ClInclude>
    <ClInclude Include="jump_game.h">
      <Filter>头文件</Filter>
    </ClInclude>
    <ClInclude Include="different_paths.h">
      <Filter>头文件</Filter>
    </ClInclude>
    <ClInclude Include="different_paths_II.h">
      <Filter>头文件</Filter>
    </ClInclude>
    <ClInclude Include="minimum_path_and.h">
      <Filter>头文件</Filter>
    </ClInclude>
    <ClInclude Include="climb_stairs.h">
      <Filter>头文件</Filter>
    </ClInclude>
    <ClInclude Include="edit_distance.h">
      <Filter>头文件</Filter>
    </ClInclude>
    <ClInclude Include="maximum_rectangle.h">
      <Filter>头文件</Filter>
    </ClInclude>
    <ClInclude Include="container_most_water.h">
      <Filter>头文件</Filter>
    </ClInclude>
    <ClInclude Include="best_time_buy_sell_stocks_II.h">
      <Filter>头文件</Filter>
    </ClInclude>
    <ClInclude Include="gas_station.h">
      <Filter>头文件</Filter>
    </ClInclude>
    <ClInclude Include="distribute_candy.h">
      <Filter>头文件</Filter>
    </ClInclude>
    <ClInclude Include="maximum.h">
      <Filter>头文件</Filter>
    </ClInclude>
    <ClInclude Include="remove_duplicate_letters.h">
      <Filter>头文件</Filter>
    </ClInclude>
    <ClInclude Include="disturb_string.h">
      <Filter>头文件</Filter>
    </ClInclude>
    <ClInclude Include="decoding_method.h">
      <Filter>头文件</Filter>
    </ClInclude>
    <ClInclude Include="interlaced_string.h">
      <Filter>头文件</Filter>
    </ClInclude>
    <ClInclude Include="integer_to_roman_numeral.h">
      <Filter>头文件</Filter>
    </ClInclude>
    <ClInclude Include="roman_numeral_to_integer.h">
      <Filter>头文件</Filter>
    </ClInclude>
    <ClInclude Include="alphabetical_combination_of_phone_numbers.h">
      <Filter>头文件</Filter>
    </ClInclude>
    <ClInclude Include="concatenate_substrings_of_all_words.h">
      <Filter>头文件</Filter>
    </ClInclude>
    <ClInclude Include="effective_sudoku.h">
      <Filter>头文件</Filter>
    </ClInclude>
    <ClInclude Include="solving_sudoku.h">
      <Filter>头文件</Filter>
    </ClInclude>
    <ClInclude Include="missing_first_positive_number.h">
      <Filter>头文件</Filter>
    </ClInclude>
    <ClInclude Include="alphabetic_heterotopic_word_grouping.h">
      <Filter>头文件</Filter>
    </ClInclude>
    <ClInclude Include="matrix_zeroing.h">
      <Filter>头文件</Filter>
    </ClInclude>
    <ClInclude Include="minimum_cover_substring.h">
      <Filter>头文件</Filter>
    </ClInclude>
    <ClInclude Include="constructing_binary_tree_from_pre_order_and_middle_order_traversal_sequences.h">
      <Filter>头文件</Filter>
    </ClInclude>
    <ClInclude Include="constructing_binary_tree_from_middle_and_post_order_traversal_sequences.h">
      <Filter>头文件</Filter>
    </ClInclude>
    <ClInclude Include="word_relay_II.h">
      <Filter>头文件</Filter>
    </ClInclude>
    <ClInclude Include="word_chain.h">
      <Filter>头文件</Filter>
    </ClInclude>
    <ClInclude Include="longest_continuous_sequence.h">
      <Filter>头文件</Filter>
    </ClInclude>
    <ClInclude Include="clone_graph.h">
      <Filter>头文件</Filter>
    </ClInclude>
    <ClInclude Include="different_subsequences.h">
      <Filter>头文件</Filter>
    </ClInclude>
    <ClInclude Include="the_best_time_to_buy_and_sell_stocksIII.h">
      <Filter>头文件</Filter>
    </ClInclude>
    <ClInclude Include="yang_hui_triangle.h">
      <Filter>头文件</Filter>
    </ClInclude>
  </ItemGroup>
</Project>